
Microsoft Visual Studio Solution File, Format Version 12.00
# Visual Studio Version 17
VisualStudioVersion = 17.11.35208.52
MinimumVisualStudioVersion = 10.0.40219.1
Project("{FAE04EC0-301F-11D3-BF4B-00C04F79EFBC}") = "MIS", "MIS\MIS.csproj", "{DFF3F36A-F817-4388-9079-103D806AE3E4}"
EndProject
Global
	GlobalSection(SolutionConfigurationPlatforms) = preSolution
		Debug|Any CPU = Debug|Any CPU
		Release|Any CPU = Release|Any CPU
	EndGlobalSection
	GlobalSection(ProjectConfigurationPlatforms) = postSolution
		{DFF3F36A-F817-4388-9079-103D806AE3E4}.Debug|Any CPU.ActiveCfg = Debug|Any CPU
		{DFF3F36A-F817-4388-9079-103D806AE3E4}.Debug|Any CPU.Build.0 = Debug|Any CPU
		{DFF3F36A-F817-4388-9079-103D806AE3E4}.Release|Any CPU.ActiveCfg = Release|Any CPU
		{DFF3F36A-F817-4388-9079-103D806AE3E4}.Release|Any CPU.Build.0 = Release|Any CPU
	EndGlobalSection
	GlobalSection(SolutionProperties) = preSolution
		HideSolutionNode = FALSE
	EndGlobalSection
	GlobalSection(ExtensibilityGlobals) = postSolution
		SolutionGuid = {71CED484-C134-43D4-B04D-97321016B32D}
	EndGlobalSection
EndGlobal
